
Microsoft Visual Studio Solution File, Format Version 12.00
# Visual Studio Version 17
VisualStudioVersion = 17.4.33122.133
MinimumVisualStudioVersion = 10.0.40219.1
Project("{FAE04EC0-301F-11D3-BF4B-00C04F79EFBC}") = "WebApi", "WebApi\WebApi.csproj", "{66BC11A1-4B0B-4904-8DAC-29F5EE75C0CC}"
EndProject
Global
	GlobalSection(SolutionConfigurationPlatforms) = preSolution
		Debug|Any CPU = Debug|Any CPU
		Release|Any CPU = Release|Any CPU
	EndGlobalSection
	GlobalSection(ProjectConfigurationPlatforms) = postSolution
		{66BC11A1-4B0B-4904-8DAC-29F5EE75C0CC}.Debug|Any CPU.ActiveCfg = Debug|Any CPU
		{66BC11A1-4B0B-4904-8DAC-29F5EE75C0CC}.Debug|Any CPU.Build.0 = Debug|Any CPU
		{66BC11A1-4B0B-4904-8DAC-29F5EE75C0CC}.Release|Any CPU.ActiveCfg = Release|Any CPU
		{66BC11A1-4B0B-4904-8DAC-29F5EE75C0CC}.Release|Any CPU.Build.0 = Release|Any CPU
	EndGlobalSection
	GlobalSection(SolutionProperties) = preSolution
		HideSolutionNode = FALSE
	EndGlobalSection
	GlobalSection(ExtensibilityGlobals) = postSolution
		SolutionGuid = {80B8F96E-3277-4EA9-8BEC-14787C9D7520}
	EndGlobalSection
EndGlobal
